
Microsoft Visual Studio Solution File, Format Version 12.00
# Visual Studio 15
VisualStudioVersion = 15.0.26124.0
MinimumVisualStudioVersion = 15.0.26124.0
Project("{2150E333-8FDC-42A3-9474-1A3956D46DE8}") = "src", "src", "{A6B75EB0-3AE6-4AC1-A9C2-BF79BDA363B2}"
EndProject
Project("{FAE04EC0-301F-11D3-BF4B-00C04F79EFBC}") = "PrettierTestLogger", "src\PrettierTestLogger\PrettierTestLogger.csproj", "{2C37D368-240C-44AE-BBD9-1E5627E3E1E1}"
EndProject
Project("{2150E333-8FDC-42A3-9474-1A3956D46DE8}") = "test", "test", "{8E1DCA29-4320-44FC-9BA2-A51A3874600D}"
EndProject
Project("{FAE04EC0-301F-11D3-BF4B-00C04F79EFBC}") = "PrettierTestLogger.Tests", "test\PrettierTestLogger.Tests\PrettierTestLogger.Tests.csproj", "{46350E5F-9446-4FA8-8D1E-F71F5D7EFF9D}"
EndProject
Global
	GlobalSection(SolutionConfigurationPlatforms) = preSolution
		Debug|Any CPU = Debug|Any CPU
		Debug|x64 = Debug|x64
		Debug|x86 = Debug|x86
		Release|Any CPU = Release|Any CPU
		Release|x64 = Release|x64
		Release|x86 = Release|x86
	EndGlobalSection
	GlobalSection(SolutionProperties) = preSolution
		HideSolutionNode = FALSE
	EndGlobalSection
	GlobalSection(ProjectConfigurationPlatforms) = postSolution
		{2C37D368-240C-44AE-BBD9-1E5627E3E1E1}.Debug|Any CPU.ActiveCfg = Debug|Any CPU
		{2C37D368-240C-44AE-BBD9-1E5627E3E1E1}.Debug|Any CPU.Build.0 = Debug|Any CPU
		{2C37D368-240C-44AE-BBD9-1E5627E3E1E1}.Debug|x64.ActiveCfg = Debug|Any CPU
		{2C37D368-240C-44AE-BBD9-1E5627E3E1E1}.Debug|x64.Build.0 = Debug|Any CPU
		{2C37D368-240C-44AE-BBD9-1E5627E3E1E1}.Debug|x86.ActiveCfg = Debug|Any CPU
		{2C37D368-240C-44AE-BBD9-1E5627E3E1E1}.Debug|x86.Build.0 = Debug|Any CPU
		{2C37D368-240C-44AE-BBD9-1E5627E3E1E1}.Release|Any CPU.ActiveCfg = Release|Any CPU
		{2C37D368-240C-44AE-BBD9-1E5627E3E1E1}.Release|Any CPU.Build.0 = Release|Any CPU
		{2C37D368-240C-44AE-BBD9-1E5627E3E1E1}.Release|x64.ActiveCfg = Release|Any CPU
		{2C37D368-240C-44AE-BBD9-1E5627E3E1E1}.Release|x64.Build.0 = Release|Any CPU
		{2C37D368-240C-44AE-BBD9-1E5627E3E1E1}.Release|x86.ActiveCfg = Release|Any CPU
		{2C37D368-240C-44AE-BBD9-1E5627E3E1E1}.Release|x86.Build.0 = Release|Any CPU
		{46350E5F-9446-4FA8-8D1E-F71F5D7EFF9D}.Debug|Any CPU.ActiveCfg = Debug|Any CPU
		{46350E5F-9446-4FA8-8D1E-F71F5D7EFF9D}.Debug|Any CPU.Build.0 = Debug|Any CPU
		{46350E5F-9446-4FA8-8D1E-F71F5D7EFF9D}.Debug|x64.ActiveCfg = Debug|Any CPU
		{46350E5F-9446-4FA8-8D1E-F71F5D7EFF9D}.Debug|x64.Build.0 = Debug|Any CPU
		{46350E5F-9446-4FA8-8D1E-F71F5D7EFF9D}.Debug|x86.ActiveCfg = Debug|Any CPU
		{46350E5F-9446-4FA8-8D1E-F71F5D7EFF9D}.Debug|x86.Build.0 = Debug|Any CPU
		{46350E5F-9446-4FA8-8D1E-F71F5D7EFF9D}.Release|Any CPU.ActiveCfg = Release|Any CPU
		{46350E5F-9446-4FA8-8D1E-F71F5D7EFF9D}.Release|Any CPU.Build.0 = Release|Any CPU
		{46350E5F-9446-4FA8-8D1E-F71F5D7EFF9D}.Release|x64.ActiveCfg = Release|Any CPU
		{46350E5F-9446-4FA8-8D1E-F71F5D7EFF9D}.Release|x64.Build.0 = Release|Any CPU
		{46350E5F-9446-4FA8-8D1E-F71F5D7EFF9D}.Release|x86.ActiveCfg = Release|Any CPU
		{46350E5F-9446-4FA8-8D1E-F71F5D7EFF9D}.Release|x86.Build.0 = Release|Any CPU
	EndGlobalSection
	GlobalSection(NestedProjects) = preSolution
		{2C37D368-240C-44AE-BBD9-1E5627E3E1E1} = {A6B75EB0-3AE6-4AC1-A9C2-BF79BDA363B2}
		{46350E5F-9446-4FA8-8D1E-F71F5D7EFF9D} = {8E1DCA29-4320-44FC-9BA2-A51A3874600D}
	EndGlobalSection
EndGlobal
